
Microsoft Visual Studio Solution File, Format Version 11.00
# Visual Studio 2010
Project("{FAE04EC0-301F-11D3-BF4B-00C04F79EFBC}") = "Splitter", "Splitter\Splitter.csproj", "{C40588A2-95D6-4715-AFEB-30BAF2A25945}"
EndProject
Project("{FAE04EC0-301F-11D3-BF4B-00C04F79EFBC}") = "FontDialog", "FontDialog\FontDialog.csproj", "{889D6549-F143-46B8-8894-504F017467D7}"
EndProject
Project("{54435603-DBB4-11D2-8724-00A0C9A8B90C}") = "Installer_x64", "Installer_x64\Installer_x64.vdproj", "{1F1FB555-3CEF-40C3-B496-E52F329F6D2A}"
EndProject
Project("{54435603-DBB4-11D2-8724-00A0C9A8B90C}") = "Installer_x86", "Installer_x86\Installer_x86.vdproj", "{2A8BF1D9-3BB8-4045-A201-B811D0837151}"
EndProject
Project("{FAE04EC0-301F-11D3-BF4B-00C04F79EFBC}") = "BondTech.HotKeyManagement.WPF.4", "BondTech.HotKeyManagement.WPF.4\BondTech.HotKeyManagement.WPF.4.csproj", "{C78F31C0-EC07-4194-90D4-9CB771AD41A1}"
EndProject
Global
	GlobalSection(SolutionConfigurationPlatforms) = preSolution
		Debug|Any CPU = Debug|Any CPU
		Debug|Mixed Platforms = Debug|Mixed Platforms
		Debug|x64 = Debug|x64
		Debug|x86 = Debug|x86
		Release|Any CPU = Release|Any CPU
		Release|Mixed Platforms = Release|Mixed Platforms
		Release|x64 = Release|x64
		Release|x86 = Release|x86
	EndGlobalSection
	GlobalSection(ProjectConfigurationPlatforms) = postSolution
		{C40588A2-95D6-4715-AFEB-30BAF2A25945}.Debug|Any CPU.ActiveCfg = Debug|x64
		{C40588A2-95D6-4715-AFEB-30BAF2A25945}.Debug|Mixed Platforms.ActiveCfg = Debug|x64
		{C40588A2-95D6-4715-AFEB-30BAF2A25945}.Debug|Mixed Platforms.Build.0 = Debug|x64
		{C40588A2-95D6-4715-AFEB-30BAF2A25945}.Debug|x64.ActiveCfg = Debug|x64
		{C40588A2-95D6-4715-AFEB-30BAF2A25945}.Debug|x64.Build.0 = Debug|x64
		{C40588A2-95D6-4715-AFEB-30BAF2A25945}.Debug|x86.ActiveCfg = Debug|x86
		{C40588A2-95D6-4715-AFEB-30BAF2A25945}.Debug|x86.Build.0 = Debug|x86
		{C40588A2-95D6-4715-AFEB-30BAF2A25945}.Release|Any CPU.ActiveCfg = Release|Any CPU
		{C40588A2-95D6-4715-AFEB-30BAF2A25945}.Release|Any CPU.Build.0 = Release|Any CPU
		{C40588A2-95D6-4715-AFEB-30BAF2A25945}.Release|Mixed Platforms.ActiveCfg = Release|x64
		{C40588A2-95D6-4715-AFEB-30BAF2A25945}.Release|Mixed Platforms.Build.0 = Release|x64
		{C40588A2-95D6-4715-AFEB-30BAF2A25945}.Release|x64.ActiveCfg = Release|x64
		{C40588A2-95D6-4715-AFEB-30BAF2A25945}.Release|x64.Build.0 = Release|x64
		{C40588A2-95D6-4715-AFEB-30BAF2A25945}.Release|x86.ActiveCfg = Release|x86
		{C40588A2-95D6-4715-AFEB-30BAF2A25945}.Release|x86.Build.0 = Release|x86
		{889D6549-F143-46B8-8894-504F017467D7}.Debug|Any CPU.ActiveCfg = Debug|Any CPU
		{889D6549-F143-46B8-8894-504F017467D7}.Debug|Any CPU.Build.0 = Debug|Any CPU
		{889D6549-F143-46B8-8894-504F017467D7}.Debug|Mixed Platforms.ActiveCfg = Debug|Any CPU
		{889D6549-F143-46B8-8894-504F017467D7}.Debug|Mixed Platforms.Build.0 = Debug|Any CPU
		{889D6549-F143-46B8-8894-504F017467D7}.Debug|x64.ActiveCfg = Debug|Any CPU
		{889D6549-F143-46B8-8894-504F017467D7}.Debug|x64.Build.0 = Debug|Any CPU
		{889D6549-F143-46B8-8894-504F017467D7}.Debug|x86.ActiveCfg = Debug|Any CPU
		{889D6549-F143-46B8-8894-504F017467D7}.Debug|x86.Build.0 = Debug|Any CPU
		{889D6549-F143-46B8-8894-504F017467D7}.Release|Any CPU.ActiveCfg = Release|Any CPU
		{889D6549-F143-46B8-8894-504F017467D7}.Release|Any CPU.Build.0 = Release|Any CPU
		{889D6549-F143-46B8-8894-504F017467D7}.Release|Mixed Platforms.ActiveCfg = Release|Any CPU
		{889D6549-F143-46B8-8894-504F017467D7}.Release|Mixed Platforms.Build.0 = Release|Any CPU
		{889D6549-F143-46B8-8894-504F017467D7}.Release|x64.ActiveCfg = Release|Any CPU
		{889D6549-F143-46B8-8894-504F017467D7}.Release|x64.Build.0 = Release|Any CPU
		{889D6549-F143-46B8-8894-504F017467D7}.Release|x86.ActiveCfg = Release|Any CPU
		{889D6549-F143-46B8-8894-504F017467D7}.Release|x86.Build.0 = Release|Any CPU
		{1F1FB555-3CEF-40C3-B496-E52F329F6D2A}.Debug|Any CPU.ActiveCfg = Debug
		{1F1FB555-3CEF-40C3-B496-E52F329F6D2A}.Debug|Mixed Platforms.ActiveCfg = Debug
		{1F1FB555-3CEF-40C3-B496-E52F329F6D2A}.Debug|x64.ActiveCfg = Debug
		{1F1FB555-3CEF-40C3-B496-E52F329F6D2A}.Debug|x86.ActiveCfg = Debug
		{1F1FB555-3CEF-40C3-B496-E52F329F6D2A}.Release|Any CPU.ActiveCfg = Release
		{1F1FB555-3CEF-40C3-B496-E52F329F6D2A}.Release|Mixed Platforms.ActiveCfg = Release
		{1F1FB555-3CEF-40C3-B496-E52F329F6D2A}.Release|x64.ActiveCfg = Release
		{1F1FB555-3CEF-40C3-B496-E52F329F6D2A}.Release|x86.ActiveCfg = Release
		{2A8BF1D9-3BB8-4045-A201-B811D0837151}.Debug|Any CPU.ActiveCfg = Debug
		{2A8BF1D9-3BB8-4045-A201-B811D0837151}.Debug|Mixed Platforms.ActiveCfg = Debug
		{2A8BF1D9-3BB8-4045-A201-B811D0837151}.Debug|x64.ActiveCfg = Debug
		{2A8BF1D9-3BB8-4045-A201-B811D0837151}.Debug|x86.ActiveCfg = Debug
		{2A8BF1D9-3BB8-4045-A201-B811D0837151}.Release|Any CPU.ActiveCfg = Release
		{2A8BF1D9-3BB8-4045-A201-B811D0837151}.Release|Mixed Platforms.ActiveCfg = Release
		{2A8BF1D9-3BB8-4045-A201-B811D0837151}.Release|x64.ActiveCfg = Release
		{2A8BF1D9-3BB8-4045-A201-B811D0837151}.Release|x86.ActiveCfg = Release
		{C78F31C0-EC07-4194-90D4-9CB771AD41A1}.Debug|Any CPU.ActiveCfg = Debug|Any CPU
		{C78F31C0-EC07-4194-90D4-9CB771AD41A1}.Debug|Any CPU.Build.0 = Debug|Any CPU
		{C78F31C0-EC07-4194-90D4-9CB771AD41A1}.Debug|Mixed Platforms.ActiveCfg = Debug|Any CPU
		{C78F31C0-EC07-4194-90D4-9CB771AD41A1}.Debug|Mixed Platforms.Build.0 = Debug|Any CPU
		{C78F31C0-EC07-4194-90D4-9CB771AD41A1}.Debug|x64.ActiveCfg = Debug|Any CPU
		{C78F31C0-EC07-4194-90D4-9CB771AD41A1}.Debug|x86.ActiveCfg = Debug|Any CPU
		{C78F31C0-EC07-4194-90D4-9CB771AD41A1}.Release|Any CPU.ActiveCfg = Release|Any CPU
		{C78F31C0-EC07-4194-90D4-9CB771AD41A1}.Release|Any CPU.Build.0 = Release|Any CPU
		{C78F31C0-EC07-4194-90D4-9CB771AD41A1}.Release|Mixed Platforms.ActiveCfg = Release|Any CPU
		{C78F31C0-EC07-4194-90D4-9CB771AD41A1}.Release|Mixed Platforms.Build.0 = Release|Any CPU
		{C78F31C0-EC07-4194-90D4-9CB771AD41A1}.Release|x64.ActiveCfg = Release|Any CPU
		{C78F31C0-EC07-4194-90D4-9CB771AD41A1}.Release|x64.Build.0 = Release|Any CPU
		{C78F31C0-EC07-4194-90D4-9CB771AD41A1}.Release|x86.ActiveCfg = Release|Any CPU
		{C78F31C0-EC07-4194-90D4-9CB771AD41A1}.Release|x86.Build.0 = Release|Any CPU
	EndGlobalSection
	GlobalSection(SolutionProperties) = preSolution
		HideSolutionNode = FALSE
	EndGlobalSection
EndGlobal
